{
  "name": "au-nuxt-module-zero",
  "version": "1.0.4",
  "lockfileVersion": 1,
  "requires": true,
  "dependencies": {
    "@squadette/hammerjs": {
      "version": "2.1.0-pre3",
      "resolved": "https://registry.npmjs.org/@squadette/hammerjs/-/hammerjs-2.1.0-pre3.tgz",
      "integrity": "sha512-3NXqPTdOwF9tuqpg8UaEqDrncgnq8HEj3dpapoNC3Kkp83BFf5kdzeBdu2aDuNubJFnORSjUKvYuj/3d7RzTIQ=="
    },
    "@types/uuid": {
      "version": "8.3.1",
      "resolved": "https://registry.npmjs.org/@types/uuid/-/uuid-8.3.1.tgz",
      "integrity": "sha512-Y2mHTRAbqfFkpjldbkHGY8JIzRN6XqYRliG8/24FcHm2D2PwW24fl5xMRTVGdrb7iMrwCaIEbLWerGIkXuFWVg=="
    },
    "babel-runtime": {
      "version": "6.26.0",
      "resolved": "https://registry.npmjs.org/babel-runtime/-/babel-runtime-6.26.0.tgz",
      "integrity": "sha1-llxwWGaOgrVde/4E/yM3vItWR/4=",
      "requires": {
        "core-js": "^2.4.0",
        "regenerator-runtime": "^0.11.0"
      }
    },
    "cookie": {
      "version": "0.4.1",
      "resolved": "https://registry.npmjs.org/cookie/-/cookie-0.4.1.tgz",
      "integrity": "sha512-ZwrFkGJxUR3EIoXtO+yVE69Eb7KlixbaeAWfBQB9vVsNn/o+Yw69gBWSSDK825hQNdN+wF8zELf3dFNl/kxkUA=="
    },
    "core-js": {
      "version": "2.6.12",
      "resolved": "https://registry.npmjs.org/core-js/-/core-js-2.6.12.tgz",
      "integrity": "sha512-Kb2wC0fvsWfQrgk8HU5lW6U/Lcs8+9aaYcy4ZFc6DDlo4nZ7n70dEgE5rtR0oG6ufKDUnrwfWL1mXR5ljDatrQ=="
    },
    "lodash": {
      "version": "4.17.21",
      "resolved": "https://registry.npmjs.org/lodash/-/lodash-4.17.21.tgz",
      "integrity": "sha512-v2kDEe57lecTulaDIuNTPy3Ry4gLGJ6Z1O3vE1krgXZNrsQ+LFTGHVxVjcXPs17LhbZVGedAJv8XZ1tvj5FvSg=="
    },
    "nuxt-hammer": {
      "version": "2.1.3",
      "resolved": "https://registry.npmjs.org/nuxt-hammer/-/nuxt-hammer-2.1.3.tgz",
      "integrity": "sha512-0V9xctf47lDvr76Z+YOLFazBCLquWoS6aWX11dfjSHGsyQM/nO9qnF1XXnNDJVJQuxLf2zMf0OD9+IGU0jQySw==",
      "requires": {
        "@squadette/hammerjs": "^2.1.0-pre3",
        "babel-runtime": "^6.26.0"
      }
    },
    "opencollective-postinstall": {
      "version": "2.0.3",
      "resolved": "https://registry.npmjs.org/opencollective-postinstall/-/opencollective-postinstall-2.0.3.tgz",
      "integrity": "sha512-8AV/sCtuzUeTo8gQK5qDZzARrulB3egtLzFgteqB2tcT4Mw7B8Kt7JcDHmltjz6FOAHsvTevk70gZEbhM4ZS9Q=="
    },
    "regenerator-runtime": {
      "version": "0.11.1",
      "resolved": "https://registry.npmjs.org/regenerator-runtime/-/regenerator-runtime-0.11.1.tgz",
      "integrity": "sha512-MguG95oij0fC3QV3URf4V2SDYGJhJnJGqvIIgdECeODCT98wSWDAJ94SSuVpYQUoTcGUIL6L4yNB7j1DFFHSBg=="
    },
    "uuid": {
      "version": "8.3.2",
      "resolved": "https://registry.npmjs.org/uuid/-/uuid-8.3.2.tgz",
      "integrity": "sha512-+NYs2QeMWy+GWFOEm9xnn6HCDp0l7QBD7ml8zLUmJ+93Q5NF0NocErnwkTkXVFNiX3/fpC6afS8Dhb/gz7R7eg=="
    },
    "vue-ls": {
      "version": "3.2.2",
      "resolved": "https://registry.npmjs.org/vue-ls/-/vue-ls-3.2.2.tgz",
      "integrity": "sha512-xros9Zheckv+8x9PerHvWe5SMYud0+ZlPAMrKWKNtDN/usMOKRoluj6kBZyQo6BxwpmiBL8/EjKMYjxmCNXOMg==",
      "requires": {
        "opencollective-postinstall": "^2.0.2"
      }
    },
    "vue-uuid": {
      "version": "2.0.2",
      "resolved": "https://registry.npmjs.org/vue-uuid/-/vue-uuid-2.0.2.tgz",
      "integrity": "sha512-PRf1CHg3uKi77bVRyAuW2u/T2PO9LxMr7cw9t9rNdpZTkNDyw1Fx6eJVL+8JOtM9VxxPkoZ/rwhXJ5l+X5AYzQ==",
      "requires": {
        "@types/uuid": "^8.0.0",
        "uuid": "^8.1.0"
      }
    }
  }
}
